
Microsoft Visual Studio Solution File, Format Version 12.00
# Visual Studio 15
VisualStudioVersion = 15.0.26228.9
MinimumVisualStudioVersion = 10.0.40219.1
Project("{FAE04EC0-301F-11D3-BF4B-00C04F79EFBC}") = "Library Management System AD", "Library Management System AD\Library Management System AD.csproj", "{CC57E086-EE05-4D8D-AE08-C8EB4584BDF9}"
EndProject
Global
	GlobalSection(SolutionConfigurationPlatforms) = preSolution
		Debug|Any CPU = Debug|Any CPU
		Release|Any CPU = Release|Any CPU
	EndGlobalSection
	GlobalSection(ProjectConfigurationPlatforms) = postSolution
		{CC57E086-EE05-4D8D-AE08-C8EB4584BDF9}.Debug|Any CPU.ActiveCfg = Debug|Any CPU
		{CC57E086-EE05-4D8D-AE08-C8EB4584BDF9}.Debug|Any CPU.Build.0 = Debug|Any CPU
		{CC57E086-EE05-4D8D-AE08-C8EB4584BDF9}.Release|Any CPU.ActiveCfg = Release|Any CPU
		{CC57E086-EE05-4D8D-AE08-C8EB4584BDF9}.Release|Any CPU.Build.0 = Release|Any CPU
	EndGlobalSection
	GlobalSection(SolutionProperties) = preSolution
		HideSolutionNode = FALSE
	EndGlobalSection
EndGlobal
